version: 7
platforms:
- name: linux-64
environments:
  default:
    channels:
    - url: https://conda.anaconda.org/conda-forge/
    - url: https://conda.anaconda.org/bioconda/
    packages:
      linux-64:
      - conda: https://conda.anaconda.org/conda-forge/linux-64/_openmp_mutex-4.5-20_gnu.conda
      - conda: https://conda.anaconda.org/conda-forge/linux-64/bzip2-1.0.8-hda65f42_9.conda
      - conda: https://conda.anaconda.org/conda-forge/linux-64/icu-78.3-h54a6638_2.conda
      - conda: https://conda.anaconda.org/conda-forge/linux-64/ld_impl_linux-64-2.46.1-default_hbd61a6d_102.conda
      - conda: https://conda.anaconda.org/conda-forge/linux-64/libexpat-2.8.1-hecca717_1.conda
      - conda: https://conda.anaconda.org/conda-forge/linux-64/libffi-3.5.2-h3435931_0.conda
      - conda: https://conda.anaconda.org/conda-forge/linux-64/libgcc-15.2.0-he0feb66_20.conda
      - conda: https://conda.anaconda.org/conda-forge/linux-64/libgomp-15.2.0-he0feb66_20.conda
      - conda: https://conda.anaconda.org/conda-forge/linux-64/liblzma-5.8.3-hb03c661_0.conda
      - conda: https://conda.anaconda.org/conda-forge/linux-64/libmpdec-4.0.0-hb03c661_1.conda
      - conda: https://conda.anaconda.org/conda-forge/linux-64/libsqlite-3.53.4-hf4e2dac_0.conda
      - conda: https://conda.anaconda.org/conda-forge/linux-64/libstdcxx-15.2.0-h934c35e_20.conda
      - conda: https://conda.anaconda.org/conda-forge/linux-64/libuuid-2.42.2-h5347b49_0.conda
      - conda: https://conda.anaconda.org/conda-forge/linux-64/libzlib-1.3.2-h25fd6f3_2.conda
      - conda: https://conda.anaconda.org/conda-forge/linux-64/ncurses-6.6-hdb14827_0.conda
      - conda: https://conda.anaconda.org/conda-forge/linux-64/openssl-3.6.3-h35e630c_0.conda
      - conda: https://conda.anaconda.org/conda-forge/linux-64/pydantic-core-2.46.4-py314h2e6c369_0.conda
      - conda: https://conda.anaconda.org/conda-forge/linux-64/python-3.14.6-habeac84_101_cp314.conda
      - conda: https://conda.anaconda.org/conda-forge/linux-64/pyyaml-6.0.3-py314h67df5f8_1.conda
      - conda: https://conda.anaconda.org/conda-forge/linux-64/readline-8.3-h853b02a_0.conda
      - conda: https://conda.anaconda.org/conda-forge/linux-64/ruff-0.16.0-h462bb3b_0.conda
      - conda: https://conda.anaconda.org/conda-forge/linux-64/tk-8.6.13-noxft_hd70dff1_3.conda
      - conda: https://conda.anaconda.org/conda-forge/linux-64/yaml-0.2.5-h280c20c_3.conda
      - conda: https://conda.anaconda.org/conda-forge/linux-64/zstd-1.5.7-hb78ec9c_6.conda
      - conda: https://conda.anaconda.org/conda-forge/noarch/annotated-types-0.8.0-pyhd8ed1ab_0.conda
      - conda: https://conda.anaconda.org/conda-forge/noarch/anyio-4.14.2-pyhcf101f3_0.conda
      - conda: https://conda.anaconda.org/conda-forge/noarch/beautifulsoup4-4.15.0-pyha770c72_0.conda
      - conda: https://conda.anaconda.org/conda-forge/noarch/ca-certificates-2026.7.22-hbd8a1cb_0.conda
      - conda: https://conda.anaconda.org/conda-forge/noarch/certifi-2026.7.22-pyhd8ed1ab_0.conda
      - conda: https://conda.anaconda.org/conda-forge/noarch/colorama-0.4.6-pyhd8ed1ab_1.conda
      - conda: https://conda.anaconda.org/conda-forge/noarch/exceptiongroup-1.3.1-pyhd8ed1ab_0.conda
      - conda: https://conda.anaconda.org/conda-forge/noarch/h11-0.16.0-pyhcf101f3_1.conda
      - conda: https://conda.anaconda.org/conda-forge/noarch/h2-4.4.0-pyhcf101f3_0.conda
      - conda: https://conda.anaconda.org/conda-forge/noarch/hpack-4.2.0-pyhd8ed1ab_0.conda
      - conda: https://conda.anaconda.org/conda-forge/noarch/httpcore-1.0.9-pyh29332c3_0.conda
      - conda: https://conda.anaconda.org/conda-forge/noarch/httpx-0.28.1-pyhd8ed1ab_0.conda
      - conda: https://conda.anaconda.org/conda-forge/noarch/hyperframe-6.1.0-pyhd8ed1ab_0.conda
      - conda: https://conda.anaconda.org/conda-forge/noarch/idna-3.18-pyhcf101f3_0.conda
      - conda: https://conda.anaconda.org/conda-forge/noarch/iniconfig-2.3.0-pyhd8ed1ab_0.conda
      - conda: https://conda.anaconda.org/conda-forge/noarch/packaging-26.2-pyhc364b38_0.conda
      - conda: https://conda.anaconda.org/conda-forge/noarch/pip-26.1.2-pyh145f28c_0.conda
      - conda: https://conda.anaconda.org/conda-forge/noarch/pluggy-1.6.0-pyhf9edf01_1.conda
      - conda: https://conda.anaconda.org/conda-forge/noarch/pydantic-2.13.4-pyhcf101f3_0.conda
      - conda: https://conda.anaconda.org/conda-forge/noarch/pygments-2.20.0-pyhd8ed1ab_0.conda
      - conda: https://conda.anaconda.org/conda-forge/noarch/pytest-9.1.1-pyhc364b38_2.conda
      - conda: https://conda.anaconda.org/conda-forge/noarch/python_abi-3.14-8_cp314.conda
      - conda: https://conda.anaconda.org/conda-forge/noarch/sniffio-1.3.1-pyhd8ed1ab_2.conda
      - conda: https://conda.anaconda.org/conda-forge/noarch/soupsieve-2.9.1-pyhd8ed1ab_0.conda
      - conda: https://conda.anaconda.org/conda-forge/noarch/tomli-2.4.1-pyhcf101f3_0.conda
      - conda: https://conda.anaconda.org/conda-forge/noarch/typing-extensions-4.16.0-h69aa097_0.conda
      - conda: https://conda.anaconda.org/conda-forge/noarch/typing-inspection-0.4.2-pyhcf101f3_2.conda
      - conda: https://conda.anaconda.org/conda-forge/noarch/typing_extensions-4.16.0-pyhcf101f3_0.conda
      - conda: https://conda.anaconda.org/conda-forge/noarch/tzdata-2026c-h151e31d_0.conda
packages:
- conda: https://conda.anaconda.org/conda-forge/linux-64/_openmp_mutex-4.5-20_gnu.conda
  build_number: 20
  sha256: 1dd3fffd892081df9726d7eb7e0dea6198962ba775bd88842135a4ddb4deb3c9
  md5: a9f577daf3de00bca7c3c76c0ecbd1de
  depends:
  - __glibc >=2.17,<3.0.a0
  - libgomp >=7.5.0
  constrains:
  - openmp_impl <0.0a0
  license: BSD-3-Clause
  license_family: BSD
  run_exports:
    strong:
    - _openmp_mutex >=4.5
  size: 28948
  timestamp: 1770939786096
- conda: https://conda.anaconda.org/conda-forge/linux-64/bzip2-1.0.8-hda65f42_9.conda
  sha256: 0b75d45f0bba3e95dc693336fa51f40ea28c980131fec438afb7ce6118ed05f6
  md5: d2ffd7602c02f2b316fd921d39876885
  depends:
  - __glibc >=2.17,<3.0.a0
  - libgcc >=14
  license: bzip2-1.0.6
  license_family: BSD
  run_exports:
    weak:
    - bzip2 >=1.0.8,<2.0a0
  size: 260182
  timestamp: 1771350215188
- conda: https://conda.anaconda.org/conda-forge/linux-64/icu-78.3-h54a6638_2.conda
  sha256: d7c260b7e1cf22ce04d6ba8a86eabf4e6c50bc96a5c27fe2ecb32298af3e88eb
  md5: 4ef4b977bb216a3001a3334696a80850
  depends:
  - libstdcxx >=14
  - libgcc >=14
  - __glibc >=2.17,<3.0.a0
  license: MIT
  license_family: MIT
  run_exports:
    weak:
    - icu >=78.3,<79.0a0
  size: 14455340
  timestamp: 1784916378180
- conda: https://conda.anaconda.org/conda-forge/linux-64/ld_impl_linux-64-2.46.1-default_hbd61a6d_102.conda
  sha256: 27d83f1188cd19bcb7754a078b3fa7f4cfb8527f8eb2fde54dd01fc529d1adec
  md5: 449500f2c089da11c40f5c21312e3e07
  depends:
  - __glibc >=2.17,<3.0.a0
  - zstd >=1.5.7,<1.6.0a0
  constrains:
  - binutils_impl_linux-64 2.46.1
  license: GPL-3.0-only
  license_family: GPL
  run_exports: {}
  size: 745303
  timestamp: 1784214507189
- conda: https://conda.anaconda.org/conda-forge/linux-64/libexpat-2.8.1-hecca717_1.conda
  sha256: 16feffd9ddbbe5b718515d38ee376c685ba95491cd901244e24671d20b952a77
  md5: b24d3c612f71e7aa74158d92106318b2
  depends:
  - __glibc >=2.17,<3.0.a0
  - libgcc >=14
  constrains:
  - expat 2.8.1.*
  license: MIT
  license_family: MIT
  run_exports: {}
  size: 77856
  timestamp: 1781203599810
- conda: https://conda.anaconda.org/conda-forge/linux-64/libffi-3.5.2-h3435931_0.conda
  sha256: 31f19b6a88ce40ebc0d5a992c131f57d919f73c0b92cd1617a5bec83f6e961e6
  md5: a360c33a5abe61c07959e449fa1453eb
  depends:
  - __glibc >=2.17,<3.0.a0
  - libgcc >=14
  license: MIT
  license_family: MIT
  run_exports:
    weak:
    - libffi >=3.5.2,<3.6.0a0
  size: 58592
  timestamp: 1769456073053
- conda: https://conda.anaconda.org/conda-forge/linux-64/libgcc-15.2.0-he0feb66_20.conda
  sha256: e3b7bb287d1685b15781a6d9e3408d6ddaff23f5a1d0d6c0140619dd3950fe72
  md5: 3533de187cf7283f96bfdb28ad73e2bc
  depends:
  - __glibc >=2.17,<3.0.a0
  - _openmp_mutex >=4.5
  constrains:
  - libgomp 15.2.0 he0feb66_20
  - libgcc-ng ==15.2.0=*_20
  license: GPL-3.0-only WITH GCC-exception-3.1
  license_family: GPL
  run_exports: {}
  size: 1041122
  timestamp: 1784923795784
- conda: https://conda.anaconda.org/conda-forge/linux-64/libgomp-15.2.0-he0feb66_20.conda
  sha256: 30b8ff1bf43871a17c9de99e56171ef54cfbe690ffa86681628db5a00af97cf7
  md5: 49321086c41bb58fc4b6cd8cbb74679d
  depends:
  - __glibc >=2.17,<3.0.a0
  license: GPL-3.0-only WITH GCC-exception-3.1
  license_family: GPL
  run_exports:
    strong:
    - _openmp_mutex >=4.5
  size: 603998
  timestamp: 1784923730278
- conda: https://conda.anaconda.org/conda-forge/linux-64/liblzma-5.8.3-hb03c661_0.conda
  sha256: ec30e52a3c1bf7d0425380a189d209a52baa03f22fb66dd3eb587acaa765bd6d
  md5: b88d90cad08e6bc8ad540cb310a761fb
  depends:
  - __glibc >=2.17,<3.0.a0
  - libgcc >=14
  constrains:
  - xz 5.8.3.*
  license: 0BSD
  run_exports:
    weak:
    - liblzma >=5.8.3,<6.0a0
  size: 113478
  timestamp: 1775825492909
- conda: https://conda.anaconda.org/conda-forge/linux-64/libmpdec-4.0.0-hb03c661_1.conda
  sha256: fe171ed5cf5959993d43ff72de7596e8ac2853e9021dec0344e583734f1e0843
  md5: 2c21e66f50753a083cbe6b80f38268fa
  depends:
  - __glibc >=2.17,<3.0.a0
  - libgcc >=14
  license: BSD-2-Clause
  license_family: BSD
  run_exports: {}
  size: 92400
  timestamp: 1769482286018
- conda: https://conda.anaconda.org/conda-forge/linux-64/libsqlite-3.53.4-hf4e2dac_0.conda
  sha256: 72023efc207fe681e26b65fc9d668062cf0b4f0eacf3431e6eb099b95c1f2efd
  md5: df088a279cd5e6fd2790b4c196434da1
  depends:
  - __glibc >=2.17,<3.0.a0
  - icu >=78.3,<79.0a0
  - libgcc >=14
  - libzlib >=1.3.2,<2.0a0
  license: blessing
  run_exports:
    weak:
    - libsqlite >=3.53.4,<4.0a0
  size: 964200
  timestamp: 1785016112246
- conda: https://conda.anaconda.org/conda-forge/linux-64/libstdcxx-15.2.0-h934c35e_20.conda
  sha256: b5eadda8fb0df262f0d424c4a0c8c1c8d65d904ce622f07936c793ea1b8a39d9
  md5: fbd3d5506b11b5cfc916b29263b6b6f7
  depends:
  - __glibc >=2.17,<3.0.a0
  - libgcc 15.2.0 he0feb66_20
  constrains:
  - libstdcxx-ng ==15.2.0=*_20
  license: GPL-3.0-only WITH GCC-exception-3.1
  license_family: GPL
  run_exports: {}
  size: 5857690
  timestamp: 1784923825011
- conda: https://conda.anaconda.org/conda-forge/linux-64/libuuid-2.42.2-h5347b49_0.conda
  sha256: 9b1bdce27a7e31f7d241aeecff67a1f3101d52a2b1e33ccc2cdf2613072bf81f
  md5: 01bb81d12c957de066ea7362007df642
  depends:
  - libgcc >=14
  - __glibc >=2.17,<3.0.a0
  license: BSD-3-Clause
  license_family: BSD
  run_exports:
    weak:
    - libuuid >=2.42.2,<3.0a0
  size: 40017
  timestamp: 1781625522462
- conda: https://conda.anaconda.org/conda-forge/linux-64/libzlib-1.3.2-h25fd6f3_2.conda
  sha256: 55044c403570f0dc26e6364de4dc5368e5f3fc7ff103e867c487e2b5ab2bcda9
  md5: d87ff7921124eccd67248aa483c23fec
  depends:
  - __glibc >=2.17,<3.0.a0
  constrains:
  - zlib 1.3.2 *_2
  license: Zlib
  license_family: Other
  run_exports:
    weak:
    - libzlib >=1.3.2,<2.0a0
  size: 63629
  timestamp: 1774072609062
- conda: https://conda.anaconda.org/conda-forge/linux-64/ncurses-6.6-hdb14827_0.conda
  sha256: fc89f74bbe362fb29fa3c037697a89bec140b346a2469a90f7936d1d7ea4d8a3
  md5: fc21868a1a5aacc937e7a18747acb8a5
  depends:
  - __glibc >=2.17,<3.0.a0
  - libgcc >=14
  license: X11 AND BSD-3-Clause
  run_exports:
    weak:
    - ncurses >=6.6,<7.0a0
  size: 918956
  timestamp: 1777422145199
- conda: https://conda.anaconda.org/conda-forge/linux-64/openssl-3.6.3-h35e630c_0.conda
  sha256: d48f5c22b9897c01e4dff3680f1f57ceb02711ab9c62f74339b080419dfad34b
  md5: 79dd2074b5cd5c5c6b2930514a11e22d
  depends:
  - __glibc >=2.17,<3.0.a0
  - ca-certificates
  - libgcc >=14
  license: Apache-2.0
  license_family: Apache
  run_exports:
    weak:
    - openssl >=3.6.3,<4.0a0
  size: 3159683
  timestamp: 1781069855778
- conda: https://conda.anaconda.org/conda-forge/linux-64/pydantic-core-2.46.4-py314h2e6c369_0.conda
  sha256: 802e216c39f1359aed60823b6e11d8ccd812b0ae1c81ae5ac1c81f99446409ab
  md5: 0c96993dbeadf3a277cf757b9f1c9412
  depends:
  - python
  - typing-extensions >=4.6.0,!=4.7.0
  - libgcc >=14
  - __glibc >=2.17,<3.0.a0
  - python_abi 3.14.* *_cp314
  constrains:
  - __glibc >=2.17
  license: MIT
  license_family: MIT
  run_exports: {}
  size: 1895020
  timestamp: 1778084229247
- conda: https://conda.anaconda.org/conda-forge/linux-64/python-3.14.6-habeac84_101_cp314.conda
  build_number: 101
  sha256: ee8f2006e1724b1f2e9e0ccc5a7cfdcab973460faa2f63ac1f6e44fdad4c0344
  md5: 78975a41cf3c525da654f17e35bfca9e
  depends:
  - __glibc >=2.17,<3.0.a0
  - bzip2 >=1.0.8,<2.0a0
  - ld_impl_linux-64 >=2.36.1
  - libexpat >=2.8.1,<3.0a0
  - libffi >=3.5.2,<3.6.0a0
  - libgcc >=14
  - liblzma >=5.8.3,<6.0a0
  - libmpdec >=4.0.0,<5.0a0
  - libsqlite >=3.53.3,<4.0a0
  - libuuid >=2.42.2,<3.0a0
  - libzlib >=1.3.2,<2.0a0
  - ncurses >=6.6,<7.0a0
  - openssl >=3.5.7,<4.0a0
  - python_abi 3.14.* *_cp314
  - readline >=8.3,<9.0a0
  - tk >=8.6.13,<8.7.0a0
  - tzdata
  - zstd >=1.5.7,<1.6.0a0
  license: Python-2.0
  run_exports:
    weak:
    - python_abi 3.14.* *_cp314
    noarch:
    - python
  size: 36869055
  timestamp: 1784910110714
  python_site_packages_path: lib/python3.14/site-packages
- conda: https://conda.anaconda.org/conda-forge/linux-64/pyyaml-6.0.3-py314h67df5f8_1.conda
  sha256: b318fb070c7a1f89980ef124b80a0b5ccf3928143708a85e0053cde0169c699d
  md5: 2035f68f96be30dc60a5dfd7452c7941
  depends:
  - __glibc >=2.17,<3.0.a0
  - libgcc >=14
  - python >=3.14,<3.15.0a0
  - python_abi 3.14.* *_cp314
  - yaml >=0.2.5,<0.3.0a0
  license: MIT
  license_family: MIT
  run_exports: {}
  size: 202391
  timestamp: 1770223462836
- conda: https://conda.anaconda.org/conda-forge/linux-64/readline-8.3-h853b02a_0.conda
  sha256: 12ffde5a6f958e285aa22c191ca01bbd3d6e710aa852e00618fa6ddc59149002
  md5: d7d95fc8287ea7bf33e0e7116d2b95ec
  depends:
  - __glibc >=2.17,<3.0.a0
  - libgcc >=14
  - ncurses >=6.5,<7.0a0
  license: GPL-3.0-only
  license_family: GPL
  run_exports:
    weak:
    - readline >=8.3,<9.0a0
  size: 345073
  timestamp: 1765813471974
- conda: https://conda.anaconda.org/conda-forge/linux-64/ruff-0.16.0-h462bb3b_0.conda
  noarch: python
  sha256: a3daa81b2ee835161e59c09efefd81673bb48ffe104f8251b4485301689c7094
  md5: 2e2d6ede086818186c313dad438ccea5
  depends:
  - python
  - libgcc >=14
  - __glibc >=2.17,<3.0.a0
  constrains:
  - __glibc >=2.17
  license: MIT
  license_family: MIT
  run_exports: {}
  size: 9384917
  timestamp: 1784938279462
- conda: https://conda.anaconda.org/conda-forge/linux-64/tk-8.6.13-noxft_hd70dff1_3.conda
  build_number: 103
  sha256: 43624eab22f5f29df7d6ffe914cf442f28fd559b55b290906255492826e636e8
  md5: 48a1049e710857572fc2a832aa394d9f
  depends:
  - __glibc >=2.17,<3.0.a0
  - libgcc >=14
  - libzlib >=1.3.2,<2.0a0
  constrains:
  - xorg-libx11 >=1.8.13,<2.0a0
  license: TCL
  run_exports:
    weak:
    - tk >=8.6.13,<8.7.0a0
  size: 3550916
  timestamp: 1784229071544
- conda: https://conda.anaconda.org/conda-forge/linux-64/yaml-0.2.5-h280c20c_3.conda
  sha256: 6d9ea2f731e284e9316d95fa61869fe7bbba33df7929f82693c121022810f4ad
  md5: a77f85f77be52ff59391544bfe73390a
  depends:
  - libgcc >=14
  - __glibc >=2.17,<3.0.a0
  license: MIT
  license_family: MIT
  run_exports:
    weak:
    - yaml >=0.2.5,<0.3.0a0
  size: 85189
  timestamp: 1753484064210
- conda: https://conda.anaconda.org/conda-forge/linux-64/zstd-1.5.7-hb78ec9c_6.conda
  sha256: 68f0206ca6e98fea941e5717cec780ed2873ffabc0e1ed34428c061e2c6268c7
  md5: 4a13eeac0b5c8e5b8ab496e6c4ddd829
  depends:
  - __glibc >=2.17,<3.0.a0
  - libzlib >=1.3.1,<2.0a0
  license: BSD-3-Clause
  license_family: BSD
  run_exports:
    weak:
    - zstd >=1.5.7,<1.6.0a0
  size: 601375
  timestamp: 1764777111296
- conda: https://conda.anaconda.org/conda-forge/noarch/annotated-types-0.8.0-pyhd8ed1ab_0.conda
  sha256: b8fcb994134d3918d1c64a9d62f4168ff85d5bfb89e698102fe4ed679fe0df24
  md5: 108c928d2a8551832dbc762b535e90bb
  depends:
  - python >=3.10
  - typing-extensions >=4.0.0
  license: MIT
  license_family: MIT
  run_exports: {}
  size: 19461
  timestamp: 1784935220549
- conda: https://conda.anaconda.org/conda-forge/noarch/anyio-4.14.2-pyhcf101f3_0.conda
  sha256: e36998c5e860e26b22e5dbcd5726dd0c4eabad949c84d383cad8512757bbf6a1
  md5: fb568fbae6908ba86a090a85a089d11f
  depends:
  - exceptiongroup >=1.0.2
  - idna >=2.8
  - python >=3.10
  - typing_extensions >=4.5
  - python
  constrains:
  - trio >=0.32.0
  - uvloop >=0.22.1
  - winloop >=0.2.3
  license: MIT
  license_family: MIT
  run_exports: {}
  size: 164465
  timestamp: 1783889660383
- conda: https://conda.anaconda.org/conda-forge/noarch/beautifulsoup4-4.15.0-pyha770c72_0.conda
  sha256: aed4b9dcf68ec2a75e5645fed14d77fd884d38d2e52bfa6ef4b278d90cd88781
  md5: 3b261da3fe9b4168738712832410b022
  depends:
  - python >=3.10
  - soupsieve >=1.2
  - typing-extensions
  license: MIT
  license_family: MIT
  run_exports: {}
  size: 92704
  timestamp: 1780853175566
- conda: https://conda.anaconda.org/conda-forge/noarch/ca-certificates-2026.7.22-hbd8a1cb_0.conda
  sha256: 0a0544cf95f64394fe4959286f5c71f5444ad58feb0602e53becb27448d24da6
  md5: 0f51e2391ade309db462a55611263e9c
  depends:
  - __unix
  license: ISC
  run_exports: {}
  size: 131780
  timestamp: 1784754889428
- conda: https://conda.anaconda.org/conda-forge/noarch/certifi-2026.7.22-pyhd8ed1ab_0.conda
  sha256: fb167de4388e64e52aa3907ed099afab944c1fa6e5f74b281a312dae1bcf7f3b
  md5: 37e13edbe3b48f1095a9d085ef9cd83b
  depends:
  - python >=3.10
  license: ISC
  run_exports: {}
  size: 137015
  timestamp: 1784717699092
- conda: https://conda.anaconda.org/conda-forge/noarch/colorama-0.4.6-pyhd8ed1ab_1.conda
  sha256: ab29d57dc70786c1269633ba3dff20288b81664d3ff8d21af995742e2bb03287
  md5: 962b9857ee8e7018c22f2776ffa0b2d7
  depends:
  - python >=3.9
  license: BSD-3-Clause
  license_family: BSD
  run_exports: {}
  size: 27011
  timestamp: 1733218222191
- conda: https://conda.anaconda.org/conda-forge/noarch/exceptiongroup-1.3.1-pyhd8ed1ab_0.conda
  sha256: ee6cf346d017d954255bbcbdb424cddea4d14e4ed7e9813e429db1d795d01144
  md5: 8e662bd460bda79b1ea39194e3c4c9ab
  depends:
  - python >=3.10
  - typing_extensions >=4.6.0
  license: MIT and PSF-2.0
  run_exports: {}
  size: 21333
  timestamp: 1763918099466
- conda: https://conda.anaconda.org/conda-forge/noarch/h11-0.16.0-pyhcf101f3_1.conda
  sha256: 96cac6573fd35ae151f4d6979bab6fbc90cb6b1fb99054ba19eb075da9822fcb
  md5: b8993c19b0c32a2f7b66cbb58ca27069
  depends:
  - python >=3.10
  - typing_extensions
  - python
  license: MIT
  license_family: MIT
  run_exports: {}
  size: 39069
  timestamp: 1767729720872
- conda: https://conda.anaconda.org/conda-forge/noarch/h2-4.4.0-pyhcf101f3_0.conda
  sha256: 1bdffcb701cf1f4429733fc2e194995bab5ecc71073d84a434dcfb57049a4265
  md5: aae3214aab65ae635fbb3cc455596a86
  depends:
  - python >=3.10
  - hyperframe >=6.1,<7
  - hpack >=4.2,<5
  - python
  license: MIT
  license_family: MIT
  run_exports: {}
  size: 100184
  timestamp: 1784898236952
- conda: https://conda.anaconda.org/conda-forge/noarch/hpack-4.2.0-pyhd8ed1ab_0.conda
  sha256: fdcea5d7cb314485d3907192ef024c704311548c5b0cbeb390cd1951051e29d2
  md5: b395909221b9bd1df066e5930e18855b
  depends:
  - python >=3.10
  license: MIT
  license_family: MIT
  run_exports: {}
  size: 32884
  timestamp: 1782283986153
- conda: https://conda.anaconda.org/conda-forge/noarch/httpcore-1.0.9-pyh29332c3_0.conda
  sha256: 04d49cb3c42714ce533a8553986e1642d0549a05dc5cc48e0d43ff5be6679a5b
  md5: 4f14640d58e2cc0aa0819d9d8ba125bb
  depends:
  - python >=3.9
  - h11 >=0.16
  - h2 >=3,<5
  - sniffio 1.*
  - anyio >=4.0,<5.0
  - certifi
  - python
  license: BSD-3-Clause
  license_family: BSD
  run_exports: {}
  size: 49483
  timestamp: 1745602916758
- conda: https://conda.anaconda.org/conda-forge/noarch/httpx-0.28.1-pyhd8ed1ab_0.conda
  sha256: cd0f1de3697b252df95f98383e9edb1d00386bfdd03fdf607fa42fe5fcb09950
  md5: d6989ead454181f4f9bc987d3dc4e285
  depends:
  - anyio
  - certifi
  - httpcore 1.*
  - idna
  - python >=3.9
  license: BSD-3-Clause
  license_family: BSD
  run_exports: {}
  size: 63082
  timestamp: 1733663449209
- conda: https://conda.anaconda.org/conda-forge/noarch/hyperframe-6.1.0-pyhd8ed1ab_0.conda
  sha256: 77af6f5fe8b62ca07d09ac60127a30d9069fdc3c68d6b256754d0ffb1f7779f8
  md5: 8e6923fc12f1fe8f8c4e5c9f343256ac
  depends:
  - python >=3.9
  license: MIT
  license_family: MIT
  size: 17397
  timestamp: 1737618427549
- conda: https://conda.anaconda.org/conda-forge/noarch/idna-3.18-pyhcf101f3_0.conda
  sha256: c75632ea624aa450a394f570749420c5a2e0997d0216bc29d5d45b0f39df0426
  md5: 577b04680ae422adb86fc60d7b940659
  depends:
  - python >=3.10
  - python
  license: BSD-3-Clause
  license_family: BSD
  run_exports: {}
  size: 163869
  timestamp: 1781620148226
- conda: https://conda.anaconda.org/conda-forge/noarch/iniconfig-2.3.0-pyhd8ed1ab_0.conda
  sha256: e1a9e3b1c8fe62dc3932a616c284b5d8cbe3124bbfbedcf4ce5c828cb166ee19
  md5: 9614359868482abba1bd15ce465e3c42
  depends:
  - python >=3.10
  license: MIT
  license_family: MIT
  run_exports: {}
  size: 13387
  timestamp: 1760831448842
- conda: https://conda.anaconda.org/conda-forge/noarch/packaging-26.2-pyhc364b38_0.conda
  sha256: 3906abfb6511a3bb309e39b9b1b7bc38f50a723971de2395489fd1f379255890
  md5: 4c06a92e74452cfa53623a81592e8934
  depends:
  - python >=3.8
  - python
  license: Apache-2.0
  license_family: APACHE
  run_exports: {}
  size: 91574
  timestamp: 1777103621679
- conda: https://conda.anaconda.org/conda-forge/noarch/pip-26.1.2-pyh145f28c_0.conda
  sha256: 9e673d3c6003f416df11670a14b026a04e3a45ebec55357987e15b860f138f2a
  md5: 733cc07ed34162ac50b936464b163366
  depends:
  - python >=3.13.0a0
  license: MIT
  license_family: MIT
  run_exports: {}
  size: 1202377
  timestamp: 1780262809860
- conda: https://conda.anaconda.org/conda-forge/noarch/pluggy-1.6.0-pyhf9edf01_1.conda
  sha256: e14aafa63efa0528ca99ba568eaf506eb55a0371d12e6250aaaa61718d2eb62e
  md5: d7585b6550ad04c8c5e21097ada2888e
  depends:
  - python >=3.9
  - python
  license: MIT
  license_family: MIT
  run_exports: {}
  size: 25877
  timestamp: 1764896838868
- conda: https://conda.anaconda.org/conda-forge/noarch/pydantic-2.13.4-pyhcf101f3_0.conda
  sha256: 69700e31165df070e9716315e042196aa92525dae5deb5107785847ab9f4189f
  md5: 729843edafc0899b3348bd3f19525b9d
  depends:
  - typing-inspection >=0.4.2
  - typing_extensions >=4.14.1
  - python >=3.10
  - annotated-types >=0.6.0
  - pydantic-core ==2.46.4
  - python
  license: MIT
  license_family: MIT
  run_exports: {}
  size: 346511
  timestamp: 1778103405862
- conda: https://conda.anaconda.org/conda-forge/noarch/pygments-2.20.0-pyhd8ed1ab_0.conda
  sha256: cf70b2f5ad9ae472b71235e5c8a736c9316df3705746de419b59d442e8348e86
  md5: 16c18772b340887160c79a6acc022db0
  depends:
  - python >=3.10
  license: BSD-2-Clause
  license_family: BSD
  run_exports: {}
  size: 893031
  timestamp: 1774796815820
- conda: https://conda.anaconda.org/conda-forge/noarch/pytest-9.1.1-pyhc364b38_2.conda
  sha256: 430051d80765207a7d782b2b188230ba1489d35c6e75fd9903f76cb9fda4af16
  md5: 64c98a12c4e23eb238bf66bbecafdf3c
  depends:
  - colorama
  - pygments >=2.7.2
  - python >=3.10
  - iniconfig >=1.0.1
  - packaging >=22
  - pluggy >=1.5,<2
  - tomli >=1
  - exceptiongroup >=1
  - python
  constrains:
  - pytest-faulthandler >=2
  license: MIT
  license_family: MIT
  run_exports: {}
  size: 306724
  timestamp: 1782127176429
- conda: https://conda.anaconda.org/conda-forge/noarch/python_abi-3.14-8_cp314.conda
  build_number: 8
  sha256: ad6d2e9ac39751cc0529dd1566a26751a0bf2542adb0c232533d32e176e21db5
  md5: 0539938c55b6b1a59b560e843ad864a4
  constrains:
  - python 3.14.* *_cp314
  license: BSD-3-Clause
  license_family: BSD
  run_exports: {}
  size: 6989
  timestamp: 1752805904792
- conda: https://conda.anaconda.org/conda-forge/noarch/sniffio-1.3.1-pyhd8ed1ab_2.conda
  sha256: dce518f45e24cd03f401cb0616917773159a210c19d601c5f2d4e0e5879d30ad
  md5: 03fe290994c5e4ec17293cfb6bdce520
  depends:
  - python >=3.10
  license: Apache-2.0
  license_family: Apache
  run_exports: {}
  size: 15698
  timestamp: 1762941572482
- conda: https://conda.anaconda.org/conda-forge/noarch/soupsieve-2.9.1-pyhd8ed1ab_0.conda
  sha256: d10bfe45ffd6fa37baef69d852f9fa882be4e6fe4cdd7286f3543e79b803cadb
  md5: 0fc47d7f5a6dbafd186a8f92cad5de3f
  depends:
  - python >=3.10
  license: MIT
  license_family: MIT
  run_exports: {}
  size: 39457
  timestamp: 1784670700449
- conda: https://conda.anaconda.org/conda-forge/noarch/tomli-2.4.1-pyhcf101f3_0.conda
  sha256: 91cafdb64268e43e0e10d30bd1bef5af392e69f00edd34dfaf909f69ab2da6bd
  md5: b5325cf06a000c5b14970462ff5e4d58
  depends:
  - python >=3.10
  - python
  license: MIT
  license_family: MIT
  run_exports: {}
  size: 21561
  timestamp: 1774492402955
- conda: https://conda.anaconda.org/conda-forge/noarch/typing-extensions-4.16.0-h69aa097_0.conda
  sha256: b141933ece3518f6d7b75dfb59451e2f26b405a44c18e2518a83e9a02e09315c
  md5: c680b5747e8c4c8f23dca0bb7042a8fc
  depends:
  - typing_extensions ==4.16.0 pyhcf101f3_0
  license: PSF-2.0
  license_family: PSF
  run_exports: {}
  size: 94080
  timestamp: 1783002732887
- conda: https://conda.anaconda.org/conda-forge/noarch/typing-inspection-0.4.2-pyhcf101f3_2.conda
  sha256: 8b90d2f19f9458b8c58a55e1fcdc1d90c1603a847a47654d8a454549413ba60a
  md5: 53f5409c5cfd6c5a66417d68e3f0a864
  depends:
  - python >=3.10
  - typing_extensions >=4.12.0
  - python
  license: MIT
  license_family: MIT
  run_exports: {}
  size: 20935
  timestamp: 1777105465795
- conda: https://conda.anaconda.org/conda-forge/noarch/typing_extensions-4.16.0-pyhcf101f3_0.conda
  sha256: 2d888f90af0686044882c74193ec80a90ec1943145d94a7b1b048958acda1848
  md5: c70ad746c22219b9700931707482992c
  depends:
  - python >=3.10
  - python
  license: PSF-2.0
  license_family: PSF
  run_exports: {}
  size: 52631
  timestamp: 1783002732887
- conda: https://conda.anaconda.org/conda-forge/noarch/tzdata-2026c-h151e31d_0.conda
  sha256: b928c30ddcb0e3f544c6eade8352737e6e610e263276b90232db6a578ef899d8
  md5: fcb489df604d100968b737f2cb6076c6
  license: LicenseRef-Public-Domain
  run_exports: {}
  size: 118849
  timestamp: 1784250406640
